
Microsoft Visual Studio Solution File, Format Version 12.00
# Visual Studio Version 17
VisualStudioVersion = 17.6.33801.468
MinimumVisualStudioVersion = 10.0.40219.1
Project("{FAE04EC0-301F-11D3-BF4B-00C04F79EFBC}") = "Prova_3b", "Prova_3b\Prova_3b.csproj", "{DE62F0B0-2B23-4D0A-91A2-D11CA9C1B73C}"
EndProject
Global
	GlobalSection(SolutionConfigurationPlatforms) = preSolution
		Debug|Any CPU = Debug|Any CPU
		Release|Any CPU = Release|Any CPU
	EndGlobalSection
	GlobalSection(ProjectConfigurationPlatforms) = postSolution
		{DE62F0B0-2B23-4D0A-91A2-D11CA9C1B73C}.Debug|Any CPU.ActiveCfg = Debug|Any CPU
		{DE62F0B0-2B23-4D0A-91A2-D11CA9C1B73C}.Debug|Any CPU.Build.0 = Debug|Any CPU
		{DE62F0B0-2B23-4D0A-91A2-D11CA9C1B73C}.Release|Any CPU.ActiveCfg = Release|Any CPU
		{DE62F0B0-2B23-4D0A-91A2-D11CA9C1B73C}.Release|Any CPU.Build.0 = Release|Any CPU
	EndGlobalSection
	GlobalSection(SolutionProperties) = preSolution
		HideSolutionNode = FALSE
	EndGlobalSection
	GlobalSection(ExtensibilityGlobals) = postSolution
		SolutionGuid = {EBF1BFBA-156F-4399-9605-7FC360E883D7}
	EndGlobalSection
EndGlobal
